// !$*UTF8*$!
{
	archiveVersion = 1;
	classes = {
	};
	objectVersion = 50;
	objects = {

/* Begin PBXBuildFile section */
		9C573C90243133B100871A1F /* main.cpp in Sources */ = {isa = PBXBuildFile; fileRef = 9C573C8F243133B100871A1F /* main.cpp */; };
		9C573C9B243134B400871A1F /* window_mac_lib.h in Headers */ = {isa = PBXBuildFile; fileRef = 9C573C9A243134B400871A1F /* window_mac_lib.h */; };
		9C573CA22431359800871A1F /* libwindow_mac_lib.dylib in Frameworks */ = {isa = PBXBuildFile; fileRef = 9C573C98243134B400871A1F /* libwindow_mac_lib.dylib */; };
		9C573CA32431359800871A1F /* libwindow_mac_lib.dylib in Embed Libraries */ = {isa = PBXBuildFile; fileRef = 9C573C98243134B400871A1F /* libwindow_mac_lib.dylib */; settings = {ATTRIBUTES = (CodeSignOnCopy, ); }; };
		9C573CA7243138B500871A1F /* main.swift in Sources */ = {isa = PBXBuildFile; fileRef = 9C573C802431302D00871A1F /* main.swift */; };
		9C573CA924313D2B00871A1F /* OpenGL.framework in Frameworks */ = {isa = PBXBuildFile; fileRef = 9C573CA824313D2A00871A1F /* OpenGL.framework */; };
		9C573CAB2431492100871A1F /* Renderer.swift in Sources */ = {isa = PBXBuildFile; fileRef = 9C573CAA2431492100871A1F /* Renderer.swift */; };
		9C573CAF2431495D00871A1F /* shaders.metal in Sources */ = {isa = PBXBuildFile; fileRef = 9C573CAE2431495D00871A1F /* shaders.metal */; };
		9C573CB0243149AB00871A1F /* shaderTypes.h in Headers */ = {isa = PBXBuildFile; fileRef = 9C573CAC2431493800871A1F /* shaderTypes.h */; };
		9C573CB1243149AE00871A1F /* openGL_window-Bridging-Header.h in Headers */ = {isa = PBXBuildFile; fileRef = 9C573CAD2431494100871A1F /* openGL_window-Bridging-Header.h */; };
/* End PBXBuildFile section */

/* Begin PBXContainerItemProxy section */
		9C573CA42431359800871A1F /* PBXContainerItemProxy */ = {
			isa = PBXContainerItemProxy;
			containerPortal = 9C573C752431302D00871A1F /* Project object */;
			proxyType = 1;
			remoteGlobalIDString = 9C573C97243134B400871A1F;
			remoteInfo = window_mac_lib;
		};
/* End PBXContainerItemProxy section */

/* Begin PBXCopyFilesBuildPhase section */
		9C573C8B243133B000871A1F /* CopyFiles */ = {
			isa = PBXCopyFilesBuildPhase;
			buildActionMask = 2147483647;
			dstPath = /usr/share/man/man1/;
			dstSubfolderSpec = 0;
			files = (
			);
			runOnlyForDeploymentPostprocessing = 1;
		};
		9C573CA62431359800871A1F /* Embed Libraries */ = {
			isa = PBXCopyFilesBuildPhase;
			buildActionMask = 2147483647;
			dstPath = "";
			dstSubfolderSpec = 10;
			files = (
				9C573CA32431359800871A1F /* libwindow_mac_lib.dylib in Embed Libraries */,
			);
			name = "Embed Libraries";
			runOnlyForDeploymentPostprocessing = 0;
		};
/* End PBXCopyFilesBuildPhase section */

/* Begin PBXFileReference section */
		9C573C802431302D00871A1F /* main.swift */ = {isa = PBXFileReference; lastKnownFileType = sourcecode.swift; path = main.swift; sourceTree = "<group>"; };
		9C573C8D243133B000871A1F /* opengl_window_c */ = {isa = PBXFileReference; explicitFileType = "compiled.mach-o.executable"; includeInIndex = 0; path = opengl_window_c; sourceTree = BUILT_PRODUCTS_DIR; };
		9C573C8F243133B100871A1F /* main.cpp */ = {isa = PBXFileReference; lastKnownFileType = sourcecode.cpp.cpp; path = main.cpp; sourceTree = "<group>"; };
		9C573C98243134B400871A1F /* libwindow_mac_lib.dylib */ = {isa = PBXFileReference; explicitFileType = "compiled.mach-o.dylib"; includeInIndex = 0; path = libwindow_mac_lib.dylib; sourceTree = BUILT_PRODUCTS_DIR; };
		9C573C9A243134B400871A1F /* window_mac_lib.h */ = {isa = PBXFileReference; lastKnownFileType = sourcecode.c.h; path = window_mac_lib.h; sourceTree = "<group>"; };
		9C573C9C243134B400871A1F /* window_mac_lib.m */ = {isa = PBXFileReference; lastKnownFileType = sourcecode.c.objc; path = window_mac_lib.m; sourceTree = "<group>"; };
		9C573CA824313D2A00871A1F /* OpenGL.framework */ = {isa = PBXFileReference; lastKnownFileType = wrapper.framework; name = OpenGL.framework; path = System/Library/Frameworks/OpenGL.framework; sourceTree = SDKROOT; };
		9C573CAA2431492100871A1F /* Renderer.swift */ = {isa = PBXFileReference; lastKnownFileType = sourcecode.swift; path = Renderer.swift; sourceTree = "<group>"; };
		9C573CAC2431493800871A1F /* shaderTypes.h */ = {isa = PBXFileReference; lastKnownFileType = sourcecode.c.h; path = shaderTypes.h; sourceTree = "<group>"; };
		9C573CAD2431494100871A1F /* openGL_window-Bridging-Header.h */ = {isa = PBXFileReference; lastKnownFileType = sourcecode.c.h; path = "openGL_window-Bridging-Header.h"; sourceTree = "<group>"; };
		9C573CAE2431495D00871A1F /* shaders.metal */ = {isa = PBXFileReference; lastKnownFileType = sourcecode.metal; path = shaders.metal; sourceTree = "<group>"; };
		9C93115924316EF200029216 /* CoreGraphics.framework */ = {isa = PBXFileReference; lastKnownFileType = wrapper.framework; name = CoreGraphics.framework; path = System/Library/Frameworks/CoreGraphics.framework; sourceTree = SDKROOT; };
		9C93115B24316F1E00029216 /* Quartz.framework */ = {isa = PBXFileReference; lastKnownFileType = wrapper.framework; name = Quartz.framework; path = System/Library/Frameworks/Quartz.framework; sourceTree = SDKROOT; };
		9C93115C24316F1E00029216 /* QuartzCore.framework */ = {isa = PBXFileReference; lastKnownFileType = wrapper.framework; name = QuartzCore.framework; path = System/Library/Frameworks/QuartzCore.framework; sourceTree = SDKROOT; };
		9CB7E7A42431659A00558782 /* GLUT.framework */ = {isa = PBXFileReference; lastKnownFileType = wrapper.framework; name = GLUT.framework; path = System/Library/Frameworks/GLUT.framework; sourceTree = SDKROOT; };
		9CB7E7A624316CCC00558782 /* AGL.framework */ = {isa = PBXFileReference; lastKnownFileType = wrapper.framework; name = AGL.framework; path = System/Library/Frameworks/AGL.framework; sourceTree = SDKROOT; };
		9CB7E7A824316DB700558782 /* Cocoa.framework */ = {isa = PBXFileReference; lastKnownFileType = wrapper.framework; name = Cocoa.framework; path = System/Library/Frameworks/Cocoa.framework; sourceTree = SDKROOT; };
/* End PBXFileReference section */

/* Begin PBXFrameworksBuildPhase section */
		9C573C8A243133B000871A1F /* Frameworks */ = {
			isa = PBXFrameworksBuildPhase;
			buildActionMask = 2147483647;
			files = (
				9C573CA22431359800871A1F /* libwindow_mac_lib.dylib in Frameworks */,
				9C573CA924313D2B00871A1F /* OpenGL.framework in Frameworks */,
			);
			runOnlyForDeploymentPostprocessing = 0;
		};
		9C573C96243134B400871A1F /* Frameworks */ = {
			isa = PBXFrameworksBuildPhase;
			buildActionMask = 2147483647;
			files = (
			);
			runOnlyForDeploymentPostprocessing = 0;
		};
/* End PBXFrameworksBuildPhase section */

/* Begin PBXGroup section */
		9C573C742431302D00871A1F = {
			isa = PBXGroup;
			children = (
				9C573C7F2431302D00871A1F /* openGL_window */,
				9C573C8E243133B000871A1F /* opengl_window_c */,
				9C573C99243134B400871A1F /* window_mac_lib */,
				9C573C7E2431302D00871A1F /* Products */,
				9C573CA12431359800871A1F /* Frameworks */,
			);
			sourceTree = "<group>";
		};
		9C573C7E2431302D00871A1F /* Products */ = {
			isa = PBXGroup;
			children = (
				9C573C8D243133B000871A1F /* opengl_window_c */,
				9C573C98243134B400871A1F /* libwindow_mac_lib.dylib */,
			);
			name = Products;
			sourceTree = "<group>";
		};
		9C573C7F2431302D00871A1F /* openGL_window */ = {
			isa = PBXGroup;
			children = (
				9C573CAA2431492100871A1F /* Renderer.swift */,
				9C573CAC2431493800871A1F /* shaderTypes.h */,
				9C573C802431302D00871A1F /* main.swift */,
				9C573CAE2431495D00871A1F /* shaders.metal */,
				9C573CAD2431494100871A1F /* openGL_window-Bridging-Header.h */,
			);
			path = openGL_window;
			sourceTree = "<group>";
		};
		9C573C8E243133B000871A1F /* opengl_window_c */ = {
			isa = PBXGroup;
			children = (
				9C573C8F243133B100871A1F /* main.cpp */,
			);
			path = opengl_window_c;
			sourceTree = "<group>";
		};
		9C573C99243134B400871A1F /* window_mac_lib */ = {
			isa = PBXGroup;
			children = (
				9C573C9A243134B400871A1F /* window_mac_lib.h */,
				9C573C9C243134B400871A1F /* window_mac_lib.m */,
			);
			path = window_mac_lib;
			sourceTree = "<group>";
		};
		9C573CA12431359800871A1F /* Frameworks */ = {
			isa = PBXGroup;
			children = (
				9C93115B24316F1E00029216 /* Quartz.framework */,
				9C93115C24316F1E00029216 /* QuartzCore.framework */,
				9C93115924316EF200029216 /* CoreGraphics.framework */,
				9CB7E7A824316DB700558782 /* Cocoa.framework */,
				9CB7E7A624316CCC00558782 /* AGL.framework */,
				9CB7E7A42431659A00558782 /* GLUT.framework */,
				9C573CA824313D2A00871A1F /* OpenGL.framework */,
			);
			name = Frameworks;
			sourceTree = "<group>";
		};
/* End PBXGroup section */

/* Begin PBXHeadersBuildPhase section */
		9C573C94243134B400871A1F /* Headers */ = {
			isa = PBXHeadersBuildPhase;
			buildActionMask = 2147483647;
			files = (
				9C573CB1243149AE00871A1F /* openGL_window-Bridging-Header.h in Headers */,
				9C573CB0243149AB00871A1F /* shaderTypes.h in Headers */,
				9C573C9B243134B400871A1F /* window_mac_lib.h in Headers */,
			);
			runOnlyForDeploymentPostprocessing = 0;
		};
/* End PBXHeadersBuildPhase section */

/* Begin PBXNativeTarget section */
		9C573C8C243133B000871A1F /* opengl_window_c */ = {
			isa = PBXNativeTarget;
			buildConfigurationList = 9C573C91243133B100871A1F /* Build configuration list for PBXNativeTarget "opengl_window_c" */;
			buildPhases = (
				9C573C89243133B000871A1F /* Sources */,
				9C573C8A243133B000871A1F /* Frameworks */,
				9C573C8B243133B000871A1F /* CopyFiles */,
				9C573CA62431359800871A1F /* Embed Libraries */,
			);
			buildRules = (
			);
			dependencies = (
				9C573CA52431359800871A1F /* PBXTargetDependency */,
			);
			name = opengl_window_c;
			productName = opengl_window_c;
			productReference = 9C573C8D243133B000871A1F /* opengl_window_c */;
			productType = "com.apple.product-type.tool";
		};
		9C573C97243134B400871A1F /* window_mac_lib */ = {
			isa = PBXNativeTarget;
			buildConfigurationList = 9C573C9E243134B400871A1F /* Build configuration list for PBXNativeTarget "window_mac_lib" */;
			buildPhases = (
				9C573C94243134B400871A1F /* Headers */,
				9C573C95243134B400871A1F /* Sources */,
				9C573C96243134B400871A1F /* Frameworks */,
			);
			buildRules = (
			);
			dependencies = (
			);
			name = window_mac_lib;
			productName = window_mac_lib;
			productReference = 9C573C98243134B400871A1F /* libwindow_mac_lib.dylib */;
			productType = "com.apple.product-type.library.dynamic";
		};
/* End PBXNativeTarget section */

/* Begin PBXProject section */
		9C573C752431302D00871A1F /* Project object */ = {
			isa = PBXProject;
			attributes = {
				LastSwiftUpdateCheck = 1130;
				LastUpgradeCheck = 1130;
				ORGANIZATIONNAME = "Michael Kirschner";
				TargetAttributes = {
					9C573C8C243133B000871A1F = {
						CreatedOnToolsVersion = 11.3.1;
					};
					9C573C97243134B400871A1F = {
						CreatedOnToolsVersion = 11.3.1;
					};
				};
			};
			buildConfigurationList = 9C573C782431302D00871A1F /* Build configuration list for PBXProject "openGL_window" */;
			compatibilityVersion = "Xcode 9.3";
			developmentRegion = en;
			hasScannedForEncodings = 0;
			knownRegions = (
				en,
				Base,
			);
			mainGroup = 9C573C742431302D00871A1F;
			productRefGroup = 9C573C7E2431302D00871A1F /* Products */;
			projectDirPath = "";
			projectRoot = "";
			targets = (
				9C573C97243134B400871A1F /* window_mac_lib */,
				9C573C8C243133B000871A1F /* opengl_window_c */,
			);
		};
/* End PBXProject section */

/* Begin PBXSourcesBuildPhase section */
		9C573C89243133B000871A1F /* Sources */ = {
			isa = PBXSourcesBuildPhase;
			buildActionMask = 2147483647;
			files = (
				9C573C90243133B100871A1F /* main.cpp in Sources */,
			);
			runOnlyForDeploymentPostprocessing = 0;
		};
		9C573C95243134B400871A1F /* Sources */ = {
			isa = PBXSourcesBuildPhase;
			buildActionMask = 2147483647;
			files = (
				9C573CAB2431492100871A1F /* Renderer.swift in Sources */,
				9C573CA7243138B500871A1F /* main.swift in Sources */,
				9C573CAF2431495D00871A1F /* shaders.metal in Sources */,
			);
			runOnlyForDeploymentPostprocessing = 0;
		};
/* End PBXSourcesBuildPhase section */

/* Begin PBXTargetDependency section */
		9C573CA52431359800871A1F /* PBXTargetDependency */ = {
			isa = PBXTargetDependency;
			target = 9C573C97243134B400871A1F /* window_mac_lib */;
			targetProxy = 9C573CA42431359800871A1F /* PBXContainerItemProxy */;
		};
/* End PBXTargetDependency section */

/* Begin XCBuildConfiguration section */
		9C573C822431302D00871A1F /* Debug */ = {
			isa = XCBuildConfiguration;
			buildSettings = {
				ALWAYS_SEARCH_USER_PATHS = NO;
				CLANG_ANALYZER_NONNULL = YES;
				CLANG_ANALYZER_NUMBER_OBJECT_CONVERSION = YES_AGGRESSIVE;
				CLANG_CXX_LANGUAGE_STANDARD = "gnu++14";
				CLANG_CXX_LIBRARY = "libc++";
				CLANG_ENABLE_MODULES = YES;
				CLANG_ENABLE_OBJC_ARC = YES;
				CLANG_ENABLE_OBJC_WEAK = YES;
				CLANG_WARN_BLOCK_CAPTURE_AUTORELEASING = YES;
				CLANG_WARN_BOOL_CONVERSION = YES;
				CLANG_WARN_COMMA = YES;
				CLANG_WARN_CONSTANT_CONVERSION = YES;
				CLANG_WARN_DEPRECATED_OBJC_IMPLEMENTATIONS = YES;
				CLANG_WARN_DIRECT_OBJC_ISA_USAGE = YES_ERROR;
				CLANG_WARN_DOCUMENTATION_COMMENTS = YES;
				CLANG_WARN_EMPTY_BODY = YES;
				CLANG_WARN_ENUM_CONVERSION = YES;
				CLANG_WARN_INFINITE_RECURSION = YES;
				CLANG_WARN_INT_CONVERSION = YES;
				CLANG_WARN_NON_LITERAL_NULL_CONVERSION = YES;
				CLANG_WARN_OBJC_IMPLICIT_RETAIN_SELF = YES;
				CLANG_WARN_OBJC_LITERAL_CONVERSION = YES;
				CLANG_WARN_OBJC_ROOT_CLASS = YES_ERROR;
				CLANG_WARN_RANGE_LOOP_ANALYSIS = YES;
				CLANG_WARN_STRICT_PROTOTYPES = YES;
				CLANG_WARN_SUSPICIOUS_MOVE = YES;
				CLANG_WARN_UNGUARDED_AVAILABILITY = YES_AGGRESSIVE;
				CLANG_WARN_UNREACHABLE_CODE = YES;
				CLANG_WARN__DUPLICATE_METHOD_MATCH = YES;
				COPY_PHASE_STRIP = NO;
				DEBUG_INFORMATION_FORMAT = dwarf;
				ENABLE_STRICT_OBJC_MSGSEND = YES;
				ENABLE_TESTABILITY = YES;
				GCC_C_LANGUAGE_STANDARD = gnu11;
				GCC_DYNAMIC_NO_PIC = NO;
				GCC_NO_COMMON_BLOCKS = YES;
				GCC_OPTIMIZATION_LEVEL = 0;
				GCC_PREPROCESSOR_DEFINITIONS = (
					"DEBUG=1",
					"$(inherited)",
				);
				GCC_WARN_64_TO_32_BIT_CONVERSION = YES;
				GCC_WARN_ABOUT_RETURN_TYPE = YES_ERROR;
				GCC_WARN_UNDECLARED_SELECTOR = YES;
				GCC_WARN_UNINITIALIZED_AUTOS = YES_AGGRESSIVE;
				GCC_WARN_UNUSED_FUNCTION = YES;
				GCC_WARN_UNUSED_VARIABLE = YES;
				MACOSX_DEPLOYMENT_TARGET = 10.15;
				MTL_ENABLE_DEBUG_INFO = INCLUDE_SOURCE;
				MTL_FAST_MATH = YES;
				ONLY_ACTIVE_ARCH = YES;
				SDKROOT = macosx;
				SWIFT_ACTIVE_COMPILATION_CONDITIONS = DEBUG;
				SWIFT_OPTIMIZATION_LEVEL = "-Onone";
			};
			name = Debug;
		};
		9C573C832431302D00871A1F /* Release */ = {
			isa = XCBuildConfiguration;
			buildSettings = {
				ALWAYS_SEARCH_USER_PATHS = NO;
				CLANG_ANALYZER_NONNULL = YES;
				CLANG_ANALYZER_NUMBER_OBJECT_CONVERSION = YES_AGGRESSIVE;
				CLANG_CXX_LANGUAGE_STANDARD = "gnu++14";
				CLANG_CXX_LIBRARY = "libc++";
				CLANG_ENABLE_MODULES = YES;
				CLANG_ENABLE_OBJC_ARC = YES;
				CLANG_ENABLE_OBJC_WEAK = YES;
				CLANG_WARN_BLOCK_CAPTURE_AUTORELEASING = YES;
				CLANG_WARN_BOOL_CONVERSION = YES;
				CLANG_WARN_COMMA = YES;
				CLANG_WARN_CONSTANT_CONVERSION = YES;
				CLANG_WARN_DEPRECATED_OBJC_IMPLEMENTATIONS = YES;
				CLANG_WARN_DIRECT_OBJC_ISA_USAGE = YES_ERROR;
				CLANG_WARN_DOCUMENTATION_COMMENTS = YES;
				CLANG_WARN_EMPTY_BODY = YES;
				CLANG_WARN_ENUM_CONVERSION = YES;
				CLANG_WARN_INFINITE_RECURSION = YES;
				CLANG_WARN_INT_CONVERSION = YES;
				CLANG_WARN_NON_LITERAL_NULL_CONVERSION = YES;
				CLANG_WARN_OBJC_IMPLICIT_RETAIN_SELF = YES;
				CLANG_WARN_OBJC_LITERAL_CONVERSION = YES;
				CLANG_WARN_OBJC_ROOT_CLASS = YES_ERROR;
				CLANG_WARN_RANGE_LOOP_ANALYSIS = YES;
				CLANG_WARN_STRICT_PROTOTYPES = YES;
				CLANG_WARN_SUSPICIOUS_MOVE = YES;
				CLANG_WARN_UNGUARDED_AVAILABILITY = YES_AGGRESSIVE;
				CLANG_WARN_UNREACHABLE_CODE = YES;
				CLANG_WARN__DUPLICATE_METHOD_MATCH = YES;
				COPY_PHASE_STRIP = NO;
				DEBUG_INFORMATION_FORMAT = "dwarf-with-dsym";
				ENABLE_NS_ASSERTIONS = NO;
				ENABLE_STRICT_OBJC_MSGSEND = YES;
				GCC_C_LANGUAGE_STANDARD = gnu11;
				GCC_NO_COMMON_BLOCKS = YES;
				GCC_WARN_64_TO_32_BIT_CONVERSION = YES;
				GCC_WARN_ABOUT_RETURN_TYPE = YES_ERROR;
				GCC_WARN_UNDECLARED_SELECTOR = YES;
				GCC_WARN_UNINITIALIZED_AUTOS = YES_AGGRESSIVE;
				GCC_WARN_UNUSED_FUNCTION = YES;
				GCC_WARN_UNUSED_VARIABLE = YES;
				MACOSX_DEPLOYMENT_TARGET = 10.15;
				MTL_ENABLE_DEBUG_INFO = NO;
				MTL_FAST_MATH = YES;
				SDKROOT = macosx;
				SWIFT_COMPILATION_MODE = wholemodule;
				SWIFT_OPTIMIZATION_LEVEL = "-O";
			};
			name = Release;
		};
		9C573C92243133B100871A1F /* Debug */ = {
			isa = XCBuildConfiguration;
			buildSettings = {
				CODE_SIGN_STYLE = Automatic;
				PRODUCT_NAME = "$(TARGET_NAME)";
			};
			name = Debug;
		};
		9C573C93243133B100871A1F /* Release */ = {
			isa = XCBuildConfiguration;
			buildSettings = {
				CODE_SIGN_STYLE = Automatic;
				PRODUCT_NAME = "$(TARGET_NAME)";
			};
			name = Release;
		};
		9C573C9F243134B400871A1F /* Debug */ = {
			isa = XCBuildConfiguration;
			buildSettings = {
				CODE_SIGN_STYLE = Automatic;
				DYLIB_COMPATIBILITY_VERSION = 1;
				DYLIB_CURRENT_VERSION = 1;
				EXECUTABLE_PREFIX = lib;
				PRODUCT_NAME = "$(TARGET_NAME)";
				SKIP_INSTALL = YES;
				SWIFT_OBJC_BRIDGING_HEADER = "openGL_window/openGL_window-Bridging-Header.h";
				SWIFT_PRECOMPILE_BRIDGING_HEADER = YES;
				SWIFT_VERSION = 5.0;
			};
			name = Debug;
		};
		9C573CA0243134B400871A1F /* Release */ = {
			isa = XCBuildConfiguration;
			buildSettings = {
				CODE_SIGN_STYLE = Automatic;
				DYLIB_COMPATIBILITY_VERSION = 1;
				DYLIB_CURRENT_VERSION = 1;
				EXECUTABLE_PREFIX = lib;
				PRODUCT_NAME = "$(TARGET_NAME)";
				SKIP_INSTALL = YES;
				SWIFT_OBJC_BRIDGING_HEADER = "openGL_window/openGL_window-Bridging-Header.h";
				SWIFT_PRECOMPILE_BRIDGING_HEADER = YES;
				SWIFT_VERSION = 5.0;
			};
			name = Release;
		};
/* End XCBuildConfiguration section */

/* Begin XCConfigurationList section */
		9C573C782431302D00871A1F /* Build configuration list for PBXProject "openGL_window" */ = {
			isa = XCConfigurationList;
			buildConfigurations = (
				9C573C822431302D00871A1F /* Debug */,
				9C573C832431302D00871A1F /* Release */,
			);
			defaultConfigurationIsVisible = 0;
			defaultConfigurationName = Release;
		};
		9C573C91243133B100871A1F /* Build configuration list for PBXNativeTarget "opengl_window_c" */ = {
			isa = XCConfigurationList;
			buildConfigurations = (
				9C573C92243133B100871A1F /* Debug */,
				9C573C93243133B100871A1F /* Release */,
			);
			defaultConfigurationIsVisible = 0;
			defaultConfigurationName = Release;
		};
		9C573C9E243134B400871A1F /* Build configuration list for PBXNativeTarget "window_mac_lib" */ = {
			isa = XCConfigurationList;
			buildConfigurations = (
				9C573C9F243134B400871A1F /* Debug */,
				9C573CA0243134B400871A1F /* Release */,
			);
			defaultConfigurationIsVisible = 0;
			defaultConfigurationName = Release;
		};
/* End XCConfigurationList section */
	};
	rootObject = 9C573C752431302D00871A1F /* Project object */;
}
